
Microsoft Visual Studio Solution File, Format Version 12.00
# Visual Studio Version 16
VisualStudioVersion = 16.0.30320.27
MinimumVisualStudioVersion = 10.0.40219.1
Project("{FAE04EC0-301F-11D3-BF4B-00C04F79EFBC}") = "Parcels", "Parcels\Parcels.csproj", "{515688FC-DF09-44F5-99D9-9E871B99D22D}"
EndProject
Global
	GlobalSection(SolutionConfigurationPlatforms) = preSolution
		Debug|Any CPU = Debug|Any CPU
		Release|Any CPU = Release|Any CPU
	EndGlobalSection
	GlobalSection(ProjectConfigurationPlatforms) = postSolution
		{515688FC-DF09-44F5-99D9-9E871B99D22D}.Debug|Any CPU.ActiveCfg = Debug|Any CPU
		{515688FC-DF09-44F5-99D9-9E871B99D22D}.Debug|Any CPU.Build.0 = Debug|Any CPU
		{515688FC-DF09-44F5-99D9-9E871B99D22D}.Release|Any CPU.ActiveCfg = Release|Any CPU
		{515688FC-DF09-44F5-99D9-9E871B99D22D}.Release|Any CPU.Build.0 = Release|Any CPU
	EndGlobalSection
	GlobalSection(SolutionProperties) = preSolution
		HideSolutionNode = FALSE
	EndGlobalSection
	GlobalSection(ExtensibilityGlobals) = postSolution
		SolutionGuid = {27806FB7-890A-4841-93F3-CF1CC35663EF}
	EndGlobalSection
EndGlobal
